{
  "version": 1,
  "dependencies": {
    "net8.0": {
      "Microsoft.AspNetCore.OutputCaching.StackExchangeRedis": {
        "type": "Direct",
        "requested": "[8.0.5, 8.0.5]",
        "resolved": "8.0.5",
        "contentHash": "iMGamggFP3WThHM8XeFugcfEE2uNE64ICs99zyGWksWyMwAp08kOrKDDj1kbfVimPrMgr7tDXc+kf+iLhJpagQ==",
        "dependencies": {
          "Microsoft.Extensions.Logging.Abstractions": "8.0.1",
          "Microsoft.Extensions.Options": "8.0.2",
          "StackExchange.Redis": "2.7.27"
        }
      },
      "Microsoft.Extensions.Caching.Abstractions": {
        "type": "Direct",
        "requested": "[8.0.0, 8.0.0]",
        "resolved": "8.0.0",
        "contentHash": "3KuSxeHoNYdxVYfg2IRZCThcrlJ1XJqIXkAWikCsbm5C/bCjv7G0WoKDyuR98Q+T607QT2Zl5GsbGRkENcV2yQ==",
        "dependencies": {
          "Microsoft.Extensions.Primitives": "8.0.0"
        }
      },
      "OpenIddict.AspNetCore": {
        "type": "Direct",
        "requested": "[5.8.0, 5.8.0]",
        "resolved": "5.8.0",
        "contentHash": "anMWy4uZzrO7tKuTf2fTS65HVDmsuHwnr9/iiqF/hGoRILxddESzrNRd061hDtvfu2l0+W2WrjG8BIpNv0BWBw==",
        "dependencies": {
          "OpenIddict": "5.8.0",
          "OpenIddict.Client.AspNetCore": "5.8.0",
          "OpenIddict.Client.DataProtection": "5.8.0",
          "OpenIddict.Server.AspNetCore": "5.8.0",
          "OpenIddict.Server.DataProtection": "5.8.0",
          "OpenIddict.Validation.AspNetCore": "5.8.0",
          "OpenIddict.Validation.DataProtection": "5.8.0"
        }
      },
      "AWSSDK.Core": {
        "type": "Transitive",
        "resolved": "3.7.100.14",
        "contentHash": "gnEgxBlk4PFEfdPE8Lkf4+D16MZFYSaW7/o6Wwe5e035QWUkTJX0Dn4LfTCdV5QSEL/fOFxu+yCAm55eIIBgog=="
      },
      "AWSSDK.SecurityToken": {
        "type": "Transitive",
        "resolved": "3.7.100.14",
        "contentHash": "dGCVuVo0CFUKWW85W8YENO+aREf8sCBDjvGbnNvxJuNW4Ss+brEU9ltHhq2KfZze2VUNK1/wygbPG1bmbpyXEw==",
        "dependencies": {
          "AWSSDK.Core": "[3.7.100.14, 4.0.0)"
        }
      },
      "DnsClient": {
        "type": "Transitive",
        "resolved": "1.6.1",
        "contentHash": "4H/f2uYJOZ+YObZjpY9ABrKZI+JNw3uizp6oMzTXwDw6F+2qIPhpRl/1t68O/6e98+vqNiYGu+lswmwdYUy3gg==",
        "dependencies": {
          "Microsoft.Win32.Registry": "5.0.0"
        }
      },
      "Microsoft.Extensions.AmbientMetadata.Application": {
        "type": "Transitive",
        "resolved": "8.4.0",
        "contentHash": "nVLT27Q9GhyzVoJveBShdwTWL2kPXwREQ1WgQtTU7E3IRu0DhAgDY4EZgSlNja7Q/1kgv2Gn9OaBDjmLOcyV+A==",
        "dependencies": {
          "Microsoft.Extensions.Configuration": "8.0.0",
          "Microsoft.Extensions.Configuration.Binder": "8.0.1",
          "Microsoft.Extensions.Hosting.Abstractions": "8.0.0",
          "Microsoft.Extensions.Options.ConfigurationExtensions": "8.0.0"
        }
      },
      "Microsoft.Extensions.Caching.Memory": {
        "type": "Transitive",
        "resolved": "8.0.0",
        "contentHash": "7pqivmrZDzo1ADPkRwjy+8jtRKWRCPag9qPI+p7sgu7Q4QreWhcvbiWXsbhP+yY8XSiDvZpu2/LWdBv7PnmOpQ==",
        "dependencies": {
          "Microsoft.Extensions.Caching.Abstractions": "8.0.0",
          "Microsoft.Extensions.DependencyInjection.Abstractions": "8.0.0",
          "Microsoft.Extensions.Logging.Abstractions": "8.0.0",
          "Microsoft.Extensions.Options": "8.0.0",
          "Microsoft.Extensions.Primitives": "8.0.0"
        }
      },
      "Microsoft.Extensions.Compliance.Abstractions": {
        "type": "Transitive",
        "resolved": "8.4.0",
        "contentHash": "WBPhQCz84/PFR5vm6lVPOYh4e7lcIQ2EyhYl84hVoZHC1vtvVAZsb4htEVx1LEPkLIiwnIdiLSzXxqS7+hkkDA==",
        "dependencies": {
          "Microsoft.Extensions.DependencyInjection.Abstractions": "8.0.1",
          "Microsoft.Extensions.ObjectPool": "8.0.4"
        }
      },
      "Microsoft.Extensions.Configuration": {
        "type": "Transitive",
        "resolved": "8.0.0",
        "contentHash": "0J/9YNXTMWSZP2p2+nvl8p71zpSwokZXZuJW+VjdErkegAnFdO1XlqtA62SJtgVYHdKu3uPxJHcMR/r35HwFBA==",
        "dependencies": {
          "Microsoft.Extensions.Configuration.Abstractions": "8.0.0",
          "Microsoft.Extensions.Primitives": "8.0.0"
        }
      },
      "Microsoft.Extensions.Configuration.Abstractions": {
        "type": "Transitive",
        "resolved": "8.0.0",
        "contentHash": "3lE/iLSutpgX1CC0NOW70FJoGARRHbyKmG7dc0klnUZ9Dd9hS6N/POPWhKhMLCEuNN5nXEY5agmlFtH562vqhQ==",
        "dependencies": {
          "Microsoft.Extensions.Primitives": "8.0.0"
        }
      },
      "Microsoft.Extensions.Configuration.Binder": {
        "type": "Transitive",
        "resolved": "8.0.1",
        "contentHash": "2UKFJnLiBt7Od6nCnTqP9rTIUNhzmn9Hv1l2FchyKbz8xieB9ULwZTbQZMw+M24Qw3F5dzzH1U9PPleN0LNLOQ==",
        "dependencies": {
          "Microsoft.Extensions.Configuration.Abstractions": "8.0.0"
        }
      },
      "Microsoft.Extensions.DependencyInjection": {
        "type": "Transitive",
        "resolved": "8.0.0",
        "contentHash": "V8S3bsm50ig6JSyrbcJJ8bW2b9QLGouz+G1miK3UTaOWmMtFwNNNzUf4AleyDWUmTrWMLNnFSLEQtxmxgNQnNQ==",
        "dependencies": {
          "Microsoft.Extensions.DependencyInjection.Abstractions": "8.0.0"
        }
      },
      "Microsoft.Extensions.DependencyInjection.Abstractions": {
        "type": "Transitive",
        "resolved": "8.0.1",
        "contentHash": "fGLiCRLMYd00JYpClraLjJTNKLmMJPnqxMaiRzEBIIvevlzxz33mXy39Lkd48hu1G+N21S7QpaO5ZzKsI6FRuA=="
      },
      "Microsoft.Extensions.DependencyInjection.AutoActivation": {
        "type": "Transitive",
        "resolved": "8.4.0",
        "contentHash": "QXrvNp6noDe7QjqbR+rE2mwl6W5DJ3Nw67hrSWzDLp7YfQ+IxOBvhctXIJXS/vb2AJnWPhu4ix8mbSNGPc3GVA==",
        "dependencies": {
          "Microsoft.Extensions.Hosting.Abstractions": "8.0.0",
          "Microsoft.Extensions.Options": "8.0.2"
        }
      },
      "Microsoft.Extensions.DiagnosticAdapter": {
        "type": "Transitive",
        "resolved": "3.1.32",
        "contentHash": "oDv3wt+Q5cmaSfOQ3Cdu6dF6sn/x5gzWdNpOq4ajBwCMWYBr6CchncDvB9pF83ORlbDuX32MsVLOPGPxW4Lx4g==",
        "dependencies": {
          "System.Diagnostics.DiagnosticSource": "4.7.1"
        }
      },
      "Microsoft.Extensions.Diagnostics": {
        "type": "Transitive",
        "resolved": "8.0.0",
        "contentHash": "3PZp/YSkIXrF7QK7PfC1bkyRYwqOHpWFad8Qx+4wkuumAeXo1NHaxpS9LboNA9OvNSAu+QOVlXbMyoY+pHSqcw==",
        "dependencies": {
          "Microsoft.Extensions.Configuration": "8.0.0",
          "Microsoft.Extensions.Diagnostics.Abstractions": "8.0.0",
          "Microsoft.Extensions.Options.ConfigurationExtensions": "8.0.0"
        }
      },
      "Microsoft.Extensions.Diagnostics.Abstractions": {
        "type": "Transitive",
        "resolved": "8.0.0",
        "contentHash": "JHYCQG7HmugNYUhOl368g+NMxYE/N/AiclCYRNlgCY9eVyiBkOHMwK4x60RYMxv9EL3+rmj1mqHvdCiPpC+D4Q==",
        "dependencies": {
          "Microsoft.Extensions.DependencyInjection.Abstractions": "8.0.0",
          "Microsoft.Extensions.Options": "8.0.0",
          "System.Diagnostics.DiagnosticSource": "8.0.0"
        }
      },
      "Microsoft.Extensions.Diagnostics.ExceptionSummarization": {
        "type": "Transitive",
        "resolved": "8.4.0",
        "contentHash": "5wLuZxH9ac3sL6nzewWgnb6I92jv2KRt0QMz0EkBc2PuXy3GKARcLdpNDHUU4uA3USxh2WxvjODpk4WOdWCTGA==",
        "dependencies": {
          "Microsoft.Extensions.DependencyInjection.Abstractions": "8.0.1"
        }
      },
      "Microsoft.Extensions.FileProviders.Abstractions": {
        "type": "Transitive",
        "resolved": "8.0.0",
        "contentHash": "ZbaMlhJlpisjuWbvXr4LdAst/1XxH3vZ6A0BsgTphZ2L4PGuxRLz7Jr/S7mkAAnOn78Vu0fKhEgNF5JO3zfjqQ==",
        "dependencies": {
          "Microsoft.Extensions.Primitives": "8.0.0"
        }
      },
      "Microsoft.Extensions.Hosting.Abstractions": {
        "type": "Transitive",
        "resolved": "8.0.0",
        "contentHash": "AG7HWwVRdCHlaA++1oKDxLsXIBxmDpMPb3VoyOoAghEWnkUvEAdYQUwnV4jJbAaa/nMYNiEh5ByoLauZBEiovg==",
        "dependencies": {
          "Microsoft.Extensions.Configuration.Abstractions": "8.0.0",
          "Microsoft.Extensions.DependencyInjection.Abstractions": "8.0.0",
          "Microsoft.Extensions.Diagnostics.Abstractions": "8.0.0",
          "Microsoft.Extensions.FileProviders.Abstractions": "8.0.0",
          "Microsoft.Extensions.Logging.Abstractions": "8.0.0"
        }
      },
      "Microsoft.Extensions.Http": {
        "type": "Transitive",
        "resolved": "8.0.0",
        "contentHash": "cWz4caHwvx0emoYe7NkHPxII/KkTI8R/LC9qdqJqnKv2poTJ4e2qqPGQqvRoQ5kaSA4FU5IV3qFAuLuOhoqULQ==",
        "dependencies": {
          "Microsoft.Extensions.Configuration.Abstractions": "8.0.0",
          "Microsoft.Extensions.DependencyInjection.Abstractions": "8.0.0",
          "Microsoft.Extensions.Diagnostics": "8.0.0",
          "Microsoft.Extensions.Logging": "8.0.0",
          "Microsoft.Extensions.Logging.Abstractions": "8.0.0",
          "Microsoft.Extensions.Options": "8.0.0"
        }
      },
      "Microsoft.Extensions.Http.Diagnostics": {
        "type": "Transitive",
        "resolved": "8.4.0",
        "contentHash": "ak1zyiKpZ8WdsJmY9X42V1+XsiJc5P1Um8E6kMqmFA8jyc/E1nuZJ5GPZNY3UBsyZshvT7no82hJn+t5YPhFZg==",
        "dependencies": {
          "Microsoft.Extensions.Configuration.Binder": "8.0.1",
          "Microsoft.Extensions.DependencyInjection.AutoActivation": "8.4.0",
          "Microsoft.Extensions.DiagnosticAdapter": "3.1.32",
          "Microsoft.Extensions.Http": "8.0.0",
          "Microsoft.Extensions.Options.ConfigurationExtensions": "8.0.0",
          "Microsoft.Extensions.Telemetry": "8.4.0",
          "Microsoft.IO.RecyclableMemoryStream": "3.0.0"
        }
      },
      "Microsoft.Extensions.Http.Polly": {
        "type": "Transitive",
        "resolved": "8.0.7",
        "contentHash": "Sdsed6CqGrHNbjRAu3ECppuzLaleudsyJsJuo8HB3CTUvaPw32aS/YyqgKOfUccY5uVfoICnYaC7vhzVvOQR3w==",
        "dependencies": {
          "Microsoft.Extensions.Http": "8.0.0",
          "Polly": "7.2.4",
          "Polly.Extensions.Http": "3.0.0"
        }
      },
      "Microsoft.Extensions.Http.Resilience": {
        "type": "Transitive",
        "resolved": "8.4.0",
        "contentHash": "BSkZ92eXtfPa3EyqQ9r3JkTTNFl1mrjJSU4EceKTHasVi5M9jpMgQVhrcFtXh5ImXitIhBIhXETCACyLuXNGSQ==",
        "dependencies": {
          "Microsoft.Extensions.Configuration.Binder": "8.0.1",
          "Microsoft.Extensions.Http.Diagnostics": "8.4.0",
          "Microsoft.Extensions.ObjectPool": "8.0.4",
          "Microsoft.Extensions.Resilience": "8.4.0"
        }
      },
      "Microsoft.Extensions.Logging": {
        "type": "Transitive",
        "resolved": "8.0.0",
        "contentHash": "tvRkov9tAJ3xP51LCv3FJ2zINmv1P8Hi8lhhtcKGqM+ImiTCC84uOPEI4z8Cdq2C3o9e+Aa0Gw0rmrsJD77W+w==",
        "dependencies": {
          "Microsoft.Extensions.DependencyInjection": "8.0.0",
          "Microsoft.Extensions.Logging.Abstractions": "8.0.0",
          "Microsoft.Extensions.Options": "8.0.0"
        }
      },
      "Microsoft.Extensions.Logging.Abstractions": {
        "type": "Transitive",
        "resolved": "8.0.1",
        "contentHash": "RIFgaqoaINxkM2KTOw72dmilDmTrYA0ns2KW4lDz4gZ2+o6IQ894CzmdL3StM2oh7QQq44nCWiqKqc4qUI9Jmg==",
        "dependencies": {
          "Microsoft.Extensions.DependencyInjection.Abstractions": "8.0.1"
        }
      },
      "Microsoft.Extensions.Logging.Configuration": {
        "type": "Transitive",
        "resolved": "8.0.0",
        "contentHash": "ixXXV0G/12g6MXK65TLngYN9V5hQQRuV+fZi882WIoVJT7h5JvoYoxTEwCgdqwLjSneqh1O+66gM8sMr9z/rsQ==",
        "dependencies": {
          "Microsoft.Extensions.Configuration": "8.0.0",
          "Microsoft.Extensions.Configuration.Abstractions": "8.0.0",
          "Microsoft.Extensions.Configuration.Binder": "8.0.0",
          "Microsoft.Extensions.DependencyInjection.Abstractions": "8.0.0",
          "Microsoft.Extensions.Logging": "8.0.0",
          "Microsoft.Extensions.Logging.Abstractions": "8.0.0",
          "Microsoft.Extensions.Options": "8.0.0",
          "Microsoft.Extensions.Options.ConfigurationExtensions": "8.0.0"
        }
      },
      "Microsoft.Extensions.ObjectPool": {
        "type": "Transitive",
        "resolved": "8.0.4",
        "contentHash": "6FPHZ6lxtsrlFKE1LeHEco0BxevHSDdxngh37GxwGqiHm8zQz78ttM2OIevqQ8IAvtB01+5xEWBcYsjvSnhhoQ=="
      },
      "Microsoft.Extensions.Options": {
        "type": "Transitive",
        "resolved": "8.0.2",
        "contentHash": "dWGKvhFybsaZpGmzkGCbNNwBD1rVlWzrZKANLW/CcbFJpCEceMCGzT7zZwHOGBCbwM0SzBuceMj5HN1LKV1QqA==",
        "dependencies": {
          "Microsoft.Extensions.DependencyInjection.Abstractions": "8.0.0",
          "Microsoft.Extensions.Primitives": "8.0.0"
        }
      },
      "Microsoft.Extensions.Options.ConfigurationExtensions": {
        "type": "Transitive",
        "resolved": "8.0.0",
        "contentHash": "0f4DMRqEd50zQh+UyJc+/HiBsZ3vhAQALgdkcQEalSH1L2isdC7Yj54M3cyo5e+BeO5fcBQ7Dxly8XiBBcvRgw==",
        "dependencies": {
          "Microsoft.Extensions.Configuration.Abstractions": "8.0.0",
          "Microsoft.Extensions.Configuration.Binder": "8.0.0",
          "Microsoft.Extensions.DependencyInjection.Abstractions": "8.0.0",
          "Microsoft.Extensions.Options": "8.0.0",
          "Microsoft.Extensions.Primitives": "8.0.0"
        }
      },
      "Microsoft.Extensions.Primitives": {
        "type": "Transitive",
        "resolved": "8.0.0",
        "contentHash": "bXJEZrW9ny8vjMF1JV253WeLhpEVzFo1lyaZu1vQ4ZxWUlVvknZ/+ftFgVheLubb4eZPSwwxBeqS1JkCOjxd8g=="
      },
      "Microsoft.Extensions.Resilience": {
        "type": "Transitive",
        "resolved": "8.4.0",
        "contentHash": "lu8RM3gKkxaAB8F8ixN4gnrOcigxaOaMu/YDTl2YH0+05yldxtUT9bHtm/fhkwdpQh2W60k1xSz5nbk3NgIC2g==",
        "dependencies": {
          "Microsoft.Extensions.Diagnostics": "8.0.0",
          "Microsoft.Extensions.Diagnostics.ExceptionSummarization": "8.4.0",
          "Microsoft.Extensions.Options.ConfigurationExtensions": "8.0.0",
          "Microsoft.Extensions.Telemetry.Abstractions": "8.4.0",
          "Polly.Core": "8.3.0",
          "Polly.Extensions": "8.3.0",
          "Polly.RateLimiting": "8.3.0"
        }
      },
      "Microsoft.Extensions.Telemetry": {
        "type": "Transitive",
        "resolved": "8.4.0",
        "contentHash": "7ML6gFwLI4LoQyznscVXBF1Nf1nGg2dvF/Mzf9NYBzEvfiP+isfNgSjBoRcZBjqaD6ezIwsACA7fkwS3tcKS/g==",
        "dependencies": {
          "Microsoft.Extensions.AmbientMetadata.Application": "8.4.0",
          "Microsoft.Extensions.Compliance.Abstractions": "8.4.0",
          "Microsoft.Extensions.Configuration.Binder": "8.0.1",
          "Microsoft.Extensions.DependencyInjection.AutoActivation": "8.4.0",
          "Microsoft.Extensions.Logging.Configuration": "8.0.0",
          "Microsoft.Extensions.ObjectPool": "8.0.4",
          "Microsoft.Extensions.Options": "8.0.2",
          "Microsoft.Extensions.Telemetry.Abstractions": "8.4.0"
        }
      },
      "Microsoft.Extensions.Telemetry.Abstractions": {
        "type": "Transitive",
        "resolved": "8.4.0",
        "contentHash": "jiv/2aoe2zkI0Atl+WXChwy6CbjHByxUBLnF6OihMAPELgmKaSywLqcJo5VcbRYA0EGhmQJM/RaGVH3J2TAkxw==",
        "dependencies": {
          "Microsoft.Extensions.Compliance.Abstractions": "8.4.0",
          "Microsoft.Extensions.Logging.Abstractions": "8.0.1",
          "Microsoft.Extensions.ObjectPool": "8.0.4",
          "Microsoft.Extensions.Options": "8.0.2"
        }
      },
      "Microsoft.IdentityModel.Abstractions": {
        "type": "Transitive",
        "resolved": "8.0.1",
        "contentHash": "OtlIWcyX01olfdevPKZdIPfBEvbcioDyBiE/Z2lHsopsMD7twcKtlN9kMevHmI5IIPhFpfwCIiR6qHQz1WHUIw=="
      },
      "Microsoft.IdentityModel.JsonWebTokens": {
        "type": "Transitive",
        "resolved": "8.0.1",
        "contentHash": "s6++gF9x0rQApQzOBbSyp4jUaAlwm+DroKfL8gdOHxs83k8SJfUXhuc46rDB3rNXBQ1MVRxqKUrqFhO/M0E97g==",
        "dependencies": {
          "Microsoft.IdentityModel.Tokens": "8.0.1"
        }
      },
      "Microsoft.IdentityModel.Logging": {
        "type": "Transitive",
        "resolved": "8.0.1",
        "contentHash": "UCPF2exZqBXe7v/6sGNiM6zCQOUXXQ9+v5VTb9gPB8ZSUPnX53BxlN78v2jsbIvK9Dq4GovQxo23x8JgWvm/Qg==",
        "dependencies": {
          "Microsoft.IdentityModel.Abstractions": "8.0.1"
        }
      },
      "Microsoft.IdentityModel.Protocols": {
        "type": "Transitive",
        "resolved": "8.0.1",
        "contentHash": "uA2vpKqU3I2mBBEaeJAWPTjT9v1TZrGWKdgK6G5qJd03CLx83kdiqO9cmiK8/n1erkHzFBwU/RphP83aAe3i3g==",
        "dependencies": {
          "Microsoft.IdentityModel.Tokens": "8.0.1"
        }
      },
      "Microsoft.IdentityModel.Tokens": {
        "type": "Transitive",
        "resolved": "8.0.1",
        "contentHash": "kDimB6Dkd3nkW2oZPDkMkVHfQt3IDqO5gL0oa8WVy3OP4uE8Ij+8TXnqg9TOd9ufjsY3IDiGz7pCUbnfL18tjg==",
        "dependencies": {
          "Microsoft.IdentityModel.Logging": "8.0.1"
        }
      },
      "Microsoft.IO.RecyclableMemoryStream": {
        "type": "Transitive",
        "resolved": "3.0.0",
        "contentHash": "irv0HuqoH8Ig5i2fO+8dmDNdFdsrO+DoQcedwIlb810qpZHBNQHZLW7C/AHBQDgLLpw2T96vmMAy/aE4Yj55Sg=="
      },
      "Microsoft.Net.Http.Headers": {
        "type": "Transitive",
        "resolved": "8.0.7",
        "contentHash": "etS+BY2/fIMqdnoUFiQ1xXMVwaBHUwdbpTj+cWWKyJwDbuxIy2KmBTgWkeIXJy8wrlg/vfqRZ7CfdSppu1EaWw==",
        "dependencies": {
          "Microsoft.Extensions.Primitives": "8.0.0"
        }
      },
      "Microsoft.NETCore.Platforms": {
        "type": "Transitive",
        "resolved": "5.0.0",
        "contentHash": "VyPlqzH2wavqquTcYpkIIAQ6WdenuKoFN0BdYBbCWsclXacSOHNQn66Gt4z5NBqEYW0FAPm5rlvki9ZiCij5xQ=="
      },
      "Microsoft.Win32.Registry": {
        "type": "Transitive",
        "resolved": "5.0.0",
        "contentHash": "dDoKi0PnDz31yAyETfRntsLArTlVAVzUzCIvvEDsDsucrl33Dl8pIJG06ePTJTI3tGpeyHS9Cq7Foc/s4EeKcg==",
        "dependencies": {
          "System.Security.AccessControl": "5.0.0",
          "System.Security.Principal.Windows": "5.0.0"
        }
      },
      "MongoDB.Bson": {
        "type": "Transitive",
        "resolved": "2.24.0",
        "contentHash": "n8CWaA4iTuoEQYv0+FSKNTX/hJozFQa5EgSILVNPhTGHcrbABHhpVrT1NwRRAAS6sUb8ZyhHmLPBa88LJemptA==",
        "dependencies": {
          "System.Memory": "4.5.5",
          "System.Runtime.CompilerServices.Unsafe": "5.0.0"
        }
      },
      "MongoDB.Driver": {
        "type": "Transitive",
        "resolved": "2.24.0",
        "contentHash": "j1q11iMk3LN38ze6jgV1ATp+WKVVQbsGrhFkuOcHwRNtIk70TpLKjOD1Z3CCkyrzxCsUyhwk745tK2ASNOI4WA==",
        "dependencies": {
          "Microsoft.Extensions.Logging.Abstractions": "2.0.0",
          "MongoDB.Bson": "2.24.0",
          "MongoDB.Driver.Core": "2.24.0",
          "MongoDB.Libmongocrypt": "1.8.2"
        }
      },
      "MongoDB.Driver.Core": {
        "type": "Transitive",
        "resolved": "2.24.0",
        "contentHash": "UW0yadpMPi9+MtLHy6onpol3D9tXMRg61P0ROnij+h35EOr0vt/nxvlPrDcUjl3SvttvpsEXQKxb2lQShBA1dA==",
        "dependencies": {
          "AWSSDK.SecurityToken": "3.7.100.14",
          "DnsClient": "1.6.1",
          "Microsoft.Extensions.Logging.Abstractions": "2.0.0",
          "MongoDB.Bson": "2.24.0",
          "MongoDB.Libmongocrypt": "1.8.2",
          "SharpCompress": "0.30.1",
          "Snappier": "1.0.0",
          "System.Buffers": "4.5.1",
          "ZstdSharp.Port": "0.7.3"
        }
      },
      "MongoDB.Libmongocrypt": {
        "type": "Transitive",
        "resolved": "1.8.2",
        "contentHash": "z/8JCULSHM1+mzkau0ivIkU9kIn8JEFFSkmYTSaMaWMMHt96JjUtMKuXxeGNGSnHZ5290ZPKIlQfjoWFk2sKog=="
      },
      "OpenIddict": {
        "type": "Transitive",
        "resolved": "5.8.0",
        "contentHash": "P25u14tj9j87jI4w3aQVOLDJh+W90oa5I5svuRq+I7gIcLdGOivGK8szkuhqZV2UHC8IC4cmVJ+IOCNEBbXKKg==",
        "dependencies": {
          "OpenIddict.Abstractions": "5.8.0",
          "OpenIddict.Client": "5.8.0",
          "OpenIddict.Client.SystemIntegration": "5.8.0",
          "OpenIddict.Client.SystemNetHttp": "5.8.0",
          "OpenIddict.Client.WebIntegration": "5.8.0",
          "OpenIddict.Core": "5.8.0",
          "OpenIddict.Server": "5.8.0",
          "OpenIddict.Validation": "5.8.0",
          "OpenIddict.Validation.ServerIntegration": "5.8.0",
          "OpenIddict.Validation.SystemNetHttp": "5.8.0"
        }
      },
      "OpenIddict.Abstractions": {
        "type": "Transitive",
        "resolved": "5.8.0",
        "contentHash": "ABzxIPp/swvGSPuyP4v+t8UKo8gRTzLQakIA+vg/h4j2nCrHpL7fPZaydj2Kzn0a6DKWUVAKw6eZczF/2dz1VQ==",
        "dependencies": {
          "Microsoft.Extensions.DependencyInjection.Abstractions": "8.0.1",
          "Microsoft.Extensions.Primitives": "8.0.0",
          "Microsoft.IdentityModel.Tokens": "8.0.1"
        }
      },
      "OpenIddict.Client": {
        "type": "Transitive",
        "resolved": "5.8.0",
        "contentHash": "zwOqV16jZriLu+Phf3VvpfI6kosoup3Y4CKOdyKfdfPezc0V5crkB+LqnlKWFJTWuee/qV7oFv4CVBjDfc0BZw==",
        "dependencies": {
          "Microsoft.Extensions.Logging": "8.0.0",
          "Microsoft.IdentityModel.JsonWebTokens": "8.0.1",
          "Microsoft.IdentityModel.Protocols": "8.0.1",
          "OpenIddict.Abstractions": "5.8.0"
        }
      },
      "OpenIddict.Client.AspNetCore": {
        "type": "Transitive",
        "resolved": "5.8.0",
        "contentHash": "arsHfMNQyfJ/jCp/B2ZU8p1f1aNq2y4QksLpxLEimoaYNCHz79NL7omZr0g3Suu3y0G+xELh3aoHO7DOki8kow==",
        "dependencies": {
          "OpenIddict.Client": "5.8.0"
        }
      },
      "OpenIddict.Client.DataProtection": {
        "type": "Transitive",
        "resolved": "5.8.0",
        "contentHash": "0N03qlnUfcT2TENUg7l1nG84Wo8Efxe0HSVsa7GUY+nJhSNqUhaxZqjxlaArXMg2SvG8fQWYACgw6HuTeP3ZcQ==",
        "dependencies": {
          "OpenIddict.Client": "5.8.0"
        }
      },
      "OpenIddict.Client.SystemIntegration": {
        "type": "Transitive",
        "resolved": "5.8.0",
        "contentHash": "PgySfYaKa0mm8SH6YO5h23jAydB0favL+9knFeLRb8qu/+qnbrz62n2QtTJQXsxREjpNc5QEJ1rpVAbSyVUBgw==",
        "dependencies": {
          "Microsoft.Extensions.Hosting.Abstractions": "8.0.0",
          "Microsoft.Net.Http.Headers": "8.0.7",
          "OpenIddict.Client": "5.8.0"
        }
      },
      "OpenIddict.Client.SystemNetHttp": {
        "type": "Transitive",
        "resolved": "5.8.0",
        "contentHash": "+QkRMHNKalvRP0Q8qeh113iDcdEgCwr+thoJ3eWmT7iZggQQm7KF8xFA6/QpKh1SwTYbQp6ZLI+W3ypAq7P7uA==",
        "dependencies": {
          "Microsoft.Extensions.Http.Polly": "8.0.7",
          "Microsoft.Extensions.Http.Resilience": "8.4.0",
          "OpenIddict.Client": "5.8.0"
        }
      },
      "OpenIddict.Client.WebIntegration": {
        "type": "Transitive",
        "resolved": "5.8.0",
        "contentHash": "QWHcv0/zJtNaOU6bJr/R2iXLn6ovmYX+Oa8pxtlAJ4sPsOcToE//VOE8E2jCdM/A7ifJ+dCtMGFK2g814kiglQ==",
        "dependencies": {
          "OpenIddict.Client": "5.8.0",
          "OpenIddict.Client.SystemNetHttp": "5.8.0"
        }
      },
      "OpenIddict.Core": {
        "type": "Transitive",
        "resolved": "5.8.0",
        "contentHash": "6OQhDdFbyAfRgmE+Lh59YggJhhOX9AQ28gRFSZ55HAluhsknvq0B9ZWKsuxEEBSyr6m+A8j6HgFH9JfbI9+q4Q==",
        "dependencies": {
          "Microsoft.Extensions.Caching.Memory": "8.0.0",
          "Microsoft.Extensions.Logging": "8.0.0",
          "Microsoft.Extensions.Options": "8.0.2",
          "OpenIddict.Abstractions": "5.8.0"
        }
      },
      "OpenIddict.Server": {
        "type": "Transitive",
        "resolved": "5.8.0",
        "contentHash": "CpS78OmkfHD/sfwqTeQ4PIjdLfqHTKItRe0eB4y9U6YV9JcPu3McH1jkNg8CAlgUP/VpkEHti7eBFmZGdvLANw==",
        "dependencies": {
          "Microsoft.Extensions.Logging": "8.0.0",
          "Microsoft.IdentityModel.JsonWebTokens": "8.0.1",
          "OpenIddict.Abstractions": "5.8.0"
        }
      },
      "OpenIddict.Server.AspNetCore": {
        "type": "Transitive",
        "resolved": "5.8.0",
        "contentHash": "2MW98cPcSI53Pe9Yv3Z4a9L4sgf3Zm4LEYg3bAH9Lk9Ii1wBa13nzUvXwA36Wyjyv7Av2yP31SYRomeEH7LgCA==",
        "dependencies": {
          "OpenIddict.Server": "5.8.0"
        }
      },
      "OpenIddict.Server.DataProtection": {
        "type": "Transitive",
        "resolved": "5.8.0",
        "contentHash": "hTPNom0zuEe7hJM7ywMtzS0pFNoGBAW3JoHuAf9pXcyAV8kw1uZkvK/ZFyy4CiGArK1gRFoNCvAJ4XoYTTL7Iw==",
        "dependencies": {
          "OpenIddict.Server": "5.8.0"
        }
      },
      "OpenIddict.Validation": {
        "type": "Transitive",
        "resolved": "5.8.0",
        "contentHash": "VBh+r+15IH5jVs7auzaIqIGN3ExP0uZOkVBMUz/KipYCMw9C4Usa4Pd6VcFNbcCqWPMrl9RLw6rw0pCKhY6E9g==",
        "dependencies": {
          "Microsoft.Extensions.Logging": "8.0.0",
          "Microsoft.IdentityModel.JsonWebTokens": "8.0.1",
          "Microsoft.IdentityModel.Protocols": "8.0.1",
          "OpenIddict.Abstractions": "5.8.0"
        }
      },
      "OpenIddict.Validation.AspNetCore": {
        "type": "Transitive",
        "resolved": "5.8.0",
        "contentHash": "/52/WeD/9faYr7B6XfzBSM2C8psRFiqbdwSxxiT+fIgINzER+UVEwHrIW/JSW0JjcLpD4NZ72S/rBxlWgWSzVQ==",
        "dependencies": {
          "OpenIddict.Validation": "5.8.0"
        }
      },
      "OpenIddict.Validation.DataProtection": {
        "type": "Transitive",
        "resolved": "5.8.0",
        "contentHash": "sY6Z/trsZXADAthaiOuVmr1XE349S5WhO8ZNagGSaP/BER1h4q5FFkd0jFHH1pLlRRBDrHdp5R25Uf1wEIfDkg==",
        "dependencies": {
          "OpenIddict.Validation": "5.8.0"
        }
      },
      "OpenIddict.Validation.ServerIntegration": {
        "type": "Transitive",
        "resolved": "5.8.0",
        "contentHash": "5+gSgPK/HXR4g3S3q6TB+cXSXS6ESWaw/l2e11adM+KufSheMFPblBBDA/hax7hYj1DsrF4o8BxQT2SjPdUrRA==",
        "dependencies": {
          "OpenIddict.Server": "5.8.0",
          "OpenIddict.Validation": "5.8.0"
        }
      },
      "OpenIddict.Validation.SystemNetHttp": {
        "type": "Transitive",
        "resolved": "5.8.0",
        "contentHash": "hf7OIby8OA6tS8cYSQjCJeJeGRr/WVt6JlCQvBSw5UV5Siu+V5urhSKHmYXQH7UMYx0zL7+8m3z6kQfr7D53tA==",
        "dependencies": {
          "Microsoft.Extensions.Http.Polly": "8.0.7",
          "Microsoft.Extensions.Http.Resilience": "8.4.0",
          "OpenIddict.Validation": "5.8.0"
        }
      },
      "Pipelines.Sockets.Unofficial": {
        "type": "Transitive",
        "resolved": "2.2.8",
        "contentHash": "zG2FApP5zxSx6OcdJQLbZDk2AVlN2BNQD6MorwIfV6gVj0RRxWPEp2LXAxqDGZqeNV1Zp0BNPcNaey/GXmTdvQ==",
        "dependencies": {
          "System.IO.Pipelines": "5.0.1"
        }
      },
      "Polly": {
        "type": "Transitive",
        "resolved": "7.2.4",
        "contentHash": "bw00Ck5sh6ekduDE3mnCo1ohzuad946uslCDEENu3091+6UKnBuKLo4e+yaNcCzXxOZCXWY2gV4a35+K1d4LDA=="
      },
      "Polly.Core": {
        "type": "Transitive",
        "resolved": "8.3.0",
        "contentHash": "A3r4xkWasffyrIJGjA3jWQi86ZGcR9BEbpIIoP9xYRAKYwiaGbKpqpsHdWv5sCeLZdaWpVs7pc4EM8Tei+LluA=="
      },
      "Polly.Extensions": {
        "type": "Transitive",
        "resolved": "8.3.0",
        "contentHash": "wUjK/vOqq2kaj9WTtBc/tXWykgT3Z5qpvM8ozl6UEBrIsjbatCl6a+AXMZsTwVEyqUKFF9td3aYRmSAaBDtRrQ==",
        "dependencies": {
          "Microsoft.Extensions.Logging.Abstractions": "8.0.0",
          "Microsoft.Extensions.Options": "8.0.0",
          "Polly.Core": "8.3.0",
          "System.Diagnostics.DiagnosticSource": "8.0.0"
        }
      },
      "Polly.Extensions.Http": {
        "type": "Transitive",
        "resolved": "3.0.0",
        "contentHash": "drrG+hB3pYFY7w1c3BD+lSGYvH2oIclH8GRSehgfyP5kjnFnHKQuuBhuHLv+PWyFuaTDyk/vfRpnxOzd11+J8g==",
        "dependencies": {
          "Polly": "7.1.0"
        }
      },
      "Polly.RateLimiting": {
        "type": "Transitive",
        "resolved": "8.3.0",
        "contentHash": "vxymhXDbWQ37C/qEs0WcuWHZmedYmhWyg0JcUPW5kwk/YTQIzFecn2jyg8s6fiuTZv5q/ISWw1RzCTB7LcRuYg==",
        "dependencies": {
          "Polly.Core": "8.3.0",
          "System.Threading.RateLimiting": "8.0.0"
        }
      },
      "SharpCompress": {
        "type": "Transitive",
        "resolved": "0.30.1",
        "contentHash": "XqD4TpfyYGa7QTPzaGlMVbcecKnXy4YmYLDWrU+JIj7IuRNl7DH2END+Ll7ekWIY8o3dAMWLFDE1xdhfIWD1nw=="
      },
      "Snappier": {
        "type": "Transitive",
        "resolved": "1.0.0",
        "contentHash": "rFtK2KEI9hIe8gtx3a0YDXdHOpedIf9wYCEYtBEmtlyiWVX3XlCNV03JrmmAi/Cdfn7dxK+k0sjjcLv4fpHnqA=="
      },
      "StackExchange.Redis": {
        "type": "Transitive",
        "resolved": "2.7.27",
        "contentHash": "Uqc2OQHglqj9/FfGQ6RkKFkZfHySfZlfmbCl+hc+u2I/IqunfelQ7QJi7ZhvAJxUtu80pildVX6NPLdDaUffOw==",
        "dependencies": {
          "Microsoft.Extensions.Logging.Abstractions": "6.0.0",
          "Pipelines.Sockets.Unofficial": "2.2.8"
        }
      },
      "System.Buffers": {
        "type": "Transitive",
        "resolved": "4.5.1",
        "contentHash": "Rw7ijyl1qqRS0YQD/WycNst8hUUMgrMH4FCn1nNm27M4VxchZ1js3fVjQaANHO5f3sN4isvP4a+Met9Y4YomAg=="
      },
      "System.Diagnostics.DiagnosticSource": {
        "type": "Transitive",
        "resolved": "8.0.0",
        "contentHash": "c9xLpVz6PL9lp/djOWtk5KPDZq3cSYpmXoJQY524EOtuFl5z9ZtsotpsyrDW40U1DRnQSYvcPKEUV0X//u6gkQ=="
      },
      "System.IO.Pipelines": {
        "type": "Transitive",
        "resolved": "5.0.1",
        "contentHash": "qEePWsaq9LoEEIqhbGe6D5J8c9IqQOUuTzzV6wn1POlfdLkJliZY3OlB0j0f17uMWlqZYjH7txj+2YbyrIA8Yg=="
      },
      "System.Memory": {
        "type": "Transitive",
        "resolved": "4.5.5",
        "contentHash": "XIWiDvKPXaTveaB7HVganDlOCRoj03l+jrwNvcge/t8vhGYKvqV+dMv6G4SAX2NoNmN0wZfVPTAlFwZcZvVOUw=="
      },
      "System.Runtime.CompilerServices.Unsafe": {
        "type": "Transitive",
        "resolved": "5.0.0",
        "contentHash": "ZD9TMpsmYJLrxbbmdvhwt9YEgG5WntEnZ/d1eH8JBX9LBp+Ju8BSBhUGbZMNVHHomWo2KVImJhTDl2hIgw/6MA=="
      },
      "System.Security.AccessControl": {
        "type": "Transitive",
        "resolved": "5.0.0",
        "contentHash": "dagJ1mHZO3Ani8GH0PHpPEe/oYO+rVdbQjvjJkBRNQkX4t0r1iaeGn8+/ybkSLEan3/slM0t59SVdHzuHf2jmw==",
        "dependencies": {
          "Microsoft.NETCore.Platforms": "5.0.0",
          "System.Security.Principal.Windows": "5.0.0"
        }
      },
      "System.Security.Principal.Windows": {
        "type": "Transitive",
        "resolved": "5.0.0",
        "contentHash": "t0MGLukB5WAVU9bO3MGzvlGnyJPgUlcwerXn1kzBRjwLKixT96XV0Uza41W49gVd8zEMFu9vQEFlv0IOrytICA=="
      },
      "System.Threading.RateLimiting": {
        "type": "Transitive",
        "resolved": "8.0.0",
        "contentHash": "7mu9v0QDv66ar3DpGSZHg9NuNcxDaaAcnMULuZlaTpP9+hwXhrxNGsF5GmLkSHxFdb5bBc1TzeujsRgTrPWi+Q=="
      },
      "ZstdSharp.Port": {
        "type": "Transitive",
        "resolved": "0.7.3",
        "contentHash": "U9Ix4l4cl58Kzz1rJzj5hoVTjmbx1qGMwzAcbv1j/d3NzrFaESIurQyg+ow4mivCgkE3S413y+U9k4WdnEIkRA=="
      },
      "domain": {
        "type": "Project",
        "dependencies": {
          "MongoDB.Driver": "[2.24.0, 2.24.0]"
        }
      }
    }
  }
}