
Microsoft Visual Studio Solution File, Format Version 12.00
# Visual Studio Version 17
VisualStudioVersion = 17.3.32825.248
MinimumVisualStudioVersion = 10.0.40219.1
Project("{FAE04EC0-301F-11D3-BF4B-00C04F79EFBC}") = "Api", "Api\Api.csproj", "{D985585C-B9CC-4C42-8EBF-2C16D8211519}"
EndProject
Project("{FAE04EC0-301F-11D3-BF4B-00C04F79EFBC}") = "Api.Tests", "Api.Tests\Api.Tests.csproj", "{A28C618E-A38F-4835-A4D1-24B487EAA614}"
EndProject
Global
	GlobalSection(SolutionConfigurationPlatforms) = preSolution
		Debug|Any CPU = Debug|Any CPU
		Debug|x64 = Debug|x64
		Debug|x86 = Debug|x86
		Release|Any CPU = Release|Any CPU
		Release|x64 = Release|x64
		Release|x86 = Release|x86
	EndGlobalSection
	GlobalSection(ProjectConfigurationPlatforms) = postSolution
		{D985585C-B9CC-4C42-8EBF-2C16D8211519}.Debug|Any CPU.ActiveCfg = Debug|Any CPU
		{D985585C-B9CC-4C42-8EBF-2C16D8211519}.Debug|Any CPU.Build.0 = Debug|Any CPU
		{D985585C-B9CC-4C42-8EBF-2C16D8211519}.Debug|x64.ActiveCfg = Debug|Any CPU
		{D985585C-B9CC-4C42-8EBF-2C16D8211519}.Debug|x64.Build.0 = Debug|Any CPU
		{D985585C-B9CC-4C42-8EBF-2C16D8211519}.Debug|x86.ActiveCfg = Debug|Any CPU
		{D985585C-B9CC-4C42-8EBF-2C16D8211519}.Debug|x86.Build.0 = Debug|Any CPU
		{D985585C-B9CC-4C42-8EBF-2C16D8211519}.Release|Any CPU.ActiveCfg = Release|Any CPU
		{D985585C-B9CC-4C42-8EBF-2C16D8211519}.Release|Any CPU.Build.0 = Release|Any CPU
		{D985585C-B9CC-4C42-8EBF-2C16D8211519}.Release|x64.ActiveCfg = Release|Any CPU
		{D985585C-B9CC-4C42-8EBF-2C16D8211519}.Release|x64.Build.0 = Release|Any CPU
		{D985585C-B9CC-4C42-8EBF-2C16D8211519}.Release|x86.ActiveCfg = Release|Any CPU
		{D985585C-B9CC-4C42-8EBF-2C16D8211519}.Release|x86.Build.0 = Release|Any CPU
		{A28C618E-A38F-4835-A4D1-24B487EAA614}.Debug|Any CPU.ActiveCfg = Debug|Any CPU
		{A28C618E-A38F-4835-A4D1-24B487EAA614}.Debug|Any CPU.Build.0 = Debug|Any CPU
		{A28C618E-A38F-4835-A4D1-24B487EAA614}.Debug|x64.ActiveCfg = Debug|Any CPU
		{A28C618E-A38F-4835-A4D1-24B487EAA614}.Debug|x64.Build.0 = Debug|Any CPU
		{A28C618E-A38F-4835-A4D1-24B487EAA614}.Debug|x86.ActiveCfg = Debug|Any CPU
		{A28C618E-A38F-4835-A4D1-24B487EAA614}.Debug|x86.Build.0 = Debug|Any CPU
		{A28C618E-A38F-4835-A4D1-24B487EAA614}.Release|Any CPU.ActiveCfg = Release|Any CPU
		{A28C618E-A38F-4835-A4D1-24B487EAA614}.Release|Any CPU.Build.0 = Release|Any CPU
		{A28C618E-A38F-4835-A4D1-24B487EAA614}.Release|x64.ActiveCfg = Release|Any CPU
		{A28C618E-A38F-4835-A4D1-24B487EAA614}.Release|x64.Build.0 = Release|Any CPU
		{A28C618E-A38F-4835-A4D1-24B487EAA614}.Release|x86.ActiveCfg = Release|Any CPU
		{A28C618E-A38F-4835-A4D1-24B487EAA614}.Release|x86.Build.0 = Release|Any CPU
	EndGlobalSection
	GlobalSection(SolutionProperties) = preSolution
		HideSolutionNode = FALSE
	EndGlobalSection
	GlobalSection(ExtensibilityGlobals) = postSolution
		SolutionGuid = {83E0DD2A-409C-4121-BE72-E7DF260BAC1F}
	EndGlobalSection
EndGlobal
